
Microsoft Visual Studio Solution File, Format Version 12.00
# Visual Studio Version 16
VisualStudioVersion = 16.0.29025.244
MinimumVisualStudioVersion = 10.0.40219.1
Project("{9A19103F-16F7-4668-BE54-9A1E7A4F7556}") = "CipherGame", "CipherGame\CipherGame.csproj", "{856E32CC-7E26-4A10-8B05-DD8E0A7893ED}"
EndProject
Project("{FAE04EC0-301F-11D3-BF4B-00C04F79EFBC}") = "CipherGameData", "CipherGameData\CipherGameData.csproj", "{793B02B4-6078-422D-85D9-75C374A2FBEB}"
EndProject
Global
	GlobalSection(SolutionConfigurationPlatforms) = preSolution
		Debug|Any CPU = Debug|Any CPU
		Release|Any CPU = Release|Any CPU
	EndGlobalSection
	GlobalSection(ProjectConfigurationPlatforms) = postSolution
		{856E32CC-7E26-4A10-8B05-DD8E0A7893ED}.Debug|Any CPU.ActiveCfg = Debug|Any CPU
		{856E32CC-7E26-4A10-8B05-DD8E0A7893ED}.Debug|Any CPU.Build.0 = Debug|Any CPU
		{856E32CC-7E26-4A10-8B05-DD8E0A7893ED}.Release|Any CPU.ActiveCfg = Release|Any CPU
		{856E32CC-7E26-4A10-8B05-DD8E0A7893ED}.Release|Any CPU.Build.0 = Release|Any CPU
		{793B02B4-6078-422D-85D9-75C374A2FBEB}.Debug|Any CPU.ActiveCfg = Debug|Any CPU
		{793B02B4-6078-422D-85D9-75C374A2FBEB}.Debug|Any CPU.Build.0 = Debug|Any CPU
		{793B02B4-6078-422D-85D9-75C374A2FBEB}.Release|Any CPU.ActiveCfg = Release|Any CPU
		{793B02B4-6078-422D-85D9-75C374A2FBEB}.Release|Any CPU.Build.0 = Release|Any CPU
	EndGlobalSection
	GlobalSection(SolutionProperties) = preSolution
		HideSolutionNode = FALSE
	EndGlobalSection
	GlobalSection(ExtensibilityGlobals) = postSolution
		SolutionGuid = {B549DAC9-538E-4B3F-8AAB-9BDFF93EC0C9}
	EndGlobalSection
EndGlobal
